
Microsoft Visual Studio Solution File, Format Version 12.00
# Visual Studio 15
VisualStudioVersion = 15.0.27428.1
MinimumVisualStudioVersion = 10.0.40219.1
Project("{FAE04EC0-301F-11D3-BF4B-00C04F79EFBC}") = "GitIntegrationsWithSlack", "GitCredentials\GitIntegrationsWithSlack.csproj", "{577BB7A8-4400-4760-BC37-4CE13926C2FA}"
EndProject
Project("{FAE04EC0-301F-11D3-BF4B-00C04F79EFBC}") = "ConsoleTestGitClasses", "consoleTestGitClasses\ConsoleTestGitClasses.csproj", "{93F22804-FCE6-4A57-89C0-F2055512EF40}"
EndProject
Global
	GlobalSection(SolutionConfigurationPlatforms) = preSolution
		Debug|Any CPU = Debug|Any CPU
		Release|Any CPU = Release|Any CPU
	EndGlobalSection
	GlobalSection(ProjectConfigurationPlatforms) = postSolution
		{577BB7A8-4400-4760-BC37-4CE13926C2FA}.Debug|Any CPU.ActiveCfg = Debug|Any CPU
		{577BB7A8-4400-4760-BC37-4CE13926C2FA}.Debug|Any CPU.Build.0 = Debug|Any CPU
		{577BB7A8-4400-4760-BC37-4CE13926C2FA}.Release|Any CPU.ActiveCfg = Release|Any CPU
		{577BB7A8-4400-4760-BC37-4CE13926C2FA}.Release|Any CPU.Build.0 = Release|Any CPU
		{93F22804-FCE6-4A57-89C0-F2055512EF40}.Debug|Any CPU.ActiveCfg = Debug|Any CPU
		{93F22804-FCE6-4A57-89C0-F2055512EF40}.Debug|Any CPU.Build.0 = Debug|Any CPU
		{93F22804-FCE6-4A57-89C0-F2055512EF40}.Release|Any CPU.ActiveCfg = Release|Any CPU
		{93F22804-FCE6-4A57-89C0-F2055512EF40}.Release|Any CPU.Build.0 = Release|Any CPU
	EndGlobalSection
	GlobalSection(SolutionProperties) = preSolution
		HideSolutionNode = FALSE
	EndGlobalSection
	GlobalSection(ExtensibilityGlobals) = postSolution
		SolutionGuid = {A9080955-625F-4FA5-A4ED-DA3A17EC8370}
	EndGlobalSection
EndGlobal
